
Microsoft Visual Studio Solution File, Format Version 12.00
# Visual Studio Version 17
VisualStudioVersion = 17.12.35527.113
MinimumVisualStudioVersion = 10.0.40219.1
Project("{FAE04EC0-301F-11D3-BF4B-00C04F79EFBC}") = "ThermoComfortNew", "ThermoComfortNew\ThermoComfortNew.csproj", "{16E8274B-9ADB-4356-909B-1BB75D347D6B}"
EndProject
Project("{FAE04EC0-301F-11D3-BF4B-00C04F79EFBC}") = "TestProduct", "TestProduct\TestProduct.csproj", "{5A168B07-7127-4F5F-BC4B-4A4C3C2C2D6D}"
EndProject
Global
	GlobalSection(SolutionConfigurationPlatforms) = preSolution
		Debug|Any CPU = Debug|Any CPU
		Release|Any CPU = Release|Any CPU
	EndGlobalSection
	GlobalSection(ProjectConfigurationPlatforms) = postSolution
		{16E8274B-9ADB-4356-909B-1BB75D347D6B}.Debug|Any CPU.ActiveCfg = Debug|Any CPU
		{16E8274B-9ADB-4356-909B-1BB75D347D6B}.Debug|Any CPU.Build.0 = Debug|Any CPU
		{16E8274B-9ADB-4356-909B-1BB75D347D6B}.Release|Any CPU.ActiveCfg = Release|Any CPU
		{16E8274B-9ADB-4356-909B-1BB75D347D6B}.Release|Any CPU.Build.0 = Release|Any CPU
		{5A168B07-7127-4F5F-BC4B-4A4C3C2C2D6D}.Debug|Any CPU.ActiveCfg = Debug|Any CPU
		{5A168B07-7127-4F5F-BC4B-4A4C3C2C2D6D}.Debug|Any CPU.Build.0 = Debug|Any CPU
		{5A168B07-7127-4F5F-BC4B-4A4C3C2C2D6D}.Release|Any CPU.ActiveCfg = Release|Any CPU
		{5A168B07-7127-4F5F-BC4B-4A4C3C2C2D6D}.Release|Any CPU.Build.0 = Release|Any CPU
	EndGlobalSection
	GlobalSection(SolutionProperties) = preSolution
		HideSolutionNode = FALSE
	EndGlobalSection
EndGlobal
